// !$*UTF8*$!
{
	archiveVersion = 1;
	classes = {
	};
	objectVersion = 50;
	objects = {

/* Begin PBXBuildFile section */
		2A19713C2576AD67008B4AB1 /* DrawViewController.swift in Sources */ = {isa = PBXBuildFile; fileRef = 2A19713B2576AD67008B4AB1 /* DrawViewController.swift */; };
		2A3A9BBF254FB1ED00C41DA4 /* AppDelegate.swift in Sources */ = {isa = PBXBuildFile; fileRef = 2A3A9BBE254FB1ED00C41DA4 /* AppDelegate.swift */; };
		2A3A9BC1254FB1ED00C41DA4 /* SceneDelegate.swift in Sources */ = {isa = PBXBuildFile; fileRef = 2A3A9BC0254FB1ED00C41DA4 /* SceneDelegate.swift */; };
		2A3A9BC3254FB1ED00C41DA4 /* ViewController.swift in Sources */ = {isa = PBXBuildFile; fileRef = 2A3A9BC2254FB1ED00C41DA4 /* ViewController.swift */; };
		2A3A9BC6254FB1ED00C41DA4 /* Main.storyboard in Resources */ = {isa = PBXBuildFile; fileRef = 2A3A9BC4254FB1ED00C41DA4 /* Main.storyboard */; };
		2A3A9BC8254FB1EF00C41DA4 /* Assets.xcassets in Resources */ = {isa = PBXBuildFile; fileRef = 2A3A9BC7254FB1EF00C41DA4 /* Assets.xcassets */; };
		2A3A9BCB254FB1EF00C41DA4 /* LaunchScreen.storyboard in Resources */ = {isa = PBXBuildFile; fileRef = 2A3A9BC9254FB1EF00C41DA4 /* LaunchScreen.storyboard */; };
		2A6D94A2258C01E0007B69B9 /* DetailViewController.swift in Sources */ = {isa = PBXBuildFile; fileRef = 2A6D94A1258C01E0007B69B9 /* DetailViewController.swift */; };
		2A7132032578475900F7CBD3 /* Pling.wav in Resources */ = {isa = PBXBuildFile; fileRef = 2A7132022578475900F7CBD3 /* Pling.wav */; };
		2A749351257311D9005B907C /* FormViewController.swift in Sources */ = {isa = PBXBuildFile; fileRef = 2A749350257311D9005B907C /* FormViewController.swift */; };
		2A839C1E2582D30200B26160 /* Assessment.swift in Sources */ = {isa = PBXBuildFile; fileRef = 2A839C1D2582D30200B26160 /* Assessment.swift */; };
		2AA1456D25799B4900F58FD1 /* CanvasView.swift in Sources */ = {isa = PBXBuildFile; fileRef = 2AA1456C25799B4800F58FD1 /* CanvasView.swift */; };
		2AD4447A25787EF800B6624E /* CustomView.swift in Sources */ = {isa = PBXBuildFile; fileRef = 2AD4447925787EF800B6624E /* CustomView.swift */; };
		2AD4447D257881BF00B6624E /* CustomButton.swift in Sources */ = {isa = PBXBuildFile; fileRef = 2AD4447C257881BF00B6624E /* CustomButton.swift */; };
		2AD44482257888F400B6624E /* CustomStack.swift in Sources */ = {isa = PBXBuildFile; fileRef = 2AD44481257888F400B6624E /* CustomStack.swift */; };
		2AF92E8E255112AD000FE70B /* AssessViewController.swift in Sources */ = {isa = PBXBuildFile; fileRef = 2AF92E8D255112AD000FE70B /* AssessViewController.swift */; };
		2AF92E9B255125F5000FE70B /* AssessCell.swift in Sources */ = {isa = PBXBuildFile; fileRef = 2AF92E9A255125F5000FE70B /* AssessCell.swift */; };
/* End PBXBuildFile section */

/* Begin PBXFileReference section */
		2A19713B2576AD67008B4AB1 /* DrawViewController.swift */ = {isa = PBXFileReference; lastKnownFileType = sourcecode.swift; path = DrawViewController.swift; sourceTree = "<group>"; };
		2A3A9BBB254FB1ED00C41DA4 /* COWA.app */ = {isa = PBXFileReference; explicitFileType = wrapper.application; includeInIndex = 0; path = COWA.app; sourceTree = BUILT_PRODUCTS_DIR; };
		2A3A9BBE254FB1ED00C41DA4 /* AppDelegate.swift */ = {isa = PBXFileReference; lastKnownFileType = sourcecode.swift; path = AppDelegate.swift; sourceTree = "<group>"; };
		2A3A9BC0254FB1ED00C41DA4 /* SceneDelegate.swift */ = {isa = PBXFileReference; lastKnownFileType = sourcecode.swift; path = SceneDelegate.swift; sourceTree = "<group>"; };
		2A3A9BC2254FB1ED00C41DA4 /* ViewController.swift */ = {isa = PBXFileReference; lastKnownFileType = sourcecode.swift; path = ViewController.swift; sourceTree = "<group>"; };
		2A3A9BC5254FB1ED00C41DA4 /* Base */ = {isa = PBXFileReference; lastKnownFileType = file.storyboard; name = Base; path = Base.lproj/Main.storyboard; sourceTree = "<group>"; };
		2A3A9BC7254FB1EF00C41DA4 /* Assets.xcassets */ = {isa = PBXFileReference; lastKnownFileType = folder.assetcatalog; path = Assets.xcassets; sourceTree = "<group>"; };
		2A3A9BCA254FB1EF00C41DA4 /* Base */ = {isa = PBXFileReference; lastKnownFileType = file.storyboard; name = Base; path = Base.lproj/LaunchScreen.storyboard; sourceTree = "<group>"; };
		2A3A9BCC254FB1EF00C41DA4 /* Info.plist */ = {isa = PBXFileReference; lastKnownFileType = text.plist.xml; path = Info.plist; sourceTree = "<group>"; };
		2A6D94A1258C01E0007B69B9 /* DetailViewController.swift */ = {isa = PBXFileReference; lastKnownFileType = sourcecode.swift; path = DetailViewController.swift; sourceTree = "<group>"; };
		2A7132022578475900F7CBD3 /* Pling.wav */ = {isa = PBXFileReference; lastKnownFileType = audio.wav; path = Pling.wav; sourceTree = "<group>"; };
		2A749350257311D9005B907C /* FormViewController.swift */ = {isa = PBXFileReference; lastKnownFileType = sourcecode.swift; path = FormViewController.swift; sourceTree = "<group>"; };
		2A839C1D2582D30200B26160 /* Assessment.swift */ = {isa = PBXFileReference; lastKnownFileType = sourcecode.swift; path = Assessment.swift; sourceTree = "<group>"; };
		2AA1456C25799B4800F58FD1 /* CanvasView.swift */ = {isa = PBXFileReference; lastKnownFileType = sourcecode.swift; path = CanvasView.swift; sourceTree = "<group>"; };
		2AD4447925787EF800B6624E /* CustomView.swift */ = {isa = PBXFileReference; lastKnownFileType = sourcecode.swift; path = CustomView.swift; sourceTree = "<group>"; };
		2AD4447C257881BF00B6624E /* CustomButton.swift */ = {isa = PBXFileReference; lastKnownFileType = sourcecode.swift; path = CustomButton.swift; sourceTree = "<group>"; };
		2AD44481257888F400B6624E /* CustomStack.swift */ = {isa = PBXFileReference; lastKnownFileType = sourcecode.swift; path = CustomStack.swift; sourceTree = "<group>"; };
		2AF92E8D255112AD000FE70B /* AssessViewController.swift */ = {isa = PBXFileReference; lastKnownFileType = sourcecode.swift; path = AssessViewController.swift; sourceTree = "<group>"; };
		2AF92E9A255125F5000FE70B /* AssessCell.swift */ = {isa = PBXFileReference; lastKnownFileType = sourcecode.swift; path = AssessCell.swift; sourceTree = "<group>"; };
/* End PBXFileReference section */

/* Begin PBXFrameworksBuildPhase section */
		2A3A9BB8254FB1ED00C41DA4 /* Frameworks */ = {
			isa = PBXFrameworksBuildPhase;
			buildActionMask = 2147483647;
			files = (
			);
			runOnlyForDeploymentPostprocessing = 0;
		};
/* End PBXFrameworksBuildPhase section */

/* Begin PBXGroup section */
		2A3A9BB2254FB1ED00C41DA4 = {
			isa = PBXGroup;
			children = (
				2A3A9BBD254FB1ED00C41DA4 /* COWA */,
				2A3A9BBC254FB1ED00C41DA4 /* Products */,
			);
			sourceTree = "<group>";
		};
		2A3A9BBC254FB1ED00C41DA4 /* Products */ = {
			isa = PBXGroup;
			children = (
				2A3A9BBB254FB1ED00C41DA4 /* COWA.app */,
			);
			name = Products;
			sourceTree = "<group>";
		};
		2A3A9BBD254FB1ED00C41DA4 /* COWA */ = {
			isa = PBXGroup;
			children = (
				2A3A9BBE254FB1ED00C41DA4 /* AppDelegate.swift */,
				2A3A9BC0254FB1ED00C41DA4 /* SceneDelegate.swift */,
				2A3A9BD6254FB22200C41DA4 /* Model */,
				2A3A9BD4254FB20300C41DA4 /* Controller */,
				2A3A9BD3254FB1FD00C41DA4 /* View */,
				2A7131F12578471A00F7CBD3 /* Sounds */,
				2A3A9BC7254FB1EF00C41DA4 /* Assets.xcassets */,
				2A3A9BCC254FB1EF00C41DA4 /* Info.plist */,
			);
			path = COWA;
			sourceTree = "<group>";
		};
		2A3A9BD3254FB1FD00C41DA4 /* View */ = {
			isa = PBXGroup;
			children = (
				2AF92E9A255125F5000FE70B /* AssessCell.swift */,
				2AD4447925787EF800B6624E /* CustomView.swift */,
				2AD4447C257881BF00B6624E /* CustomButton.swift */,
				2AD44481257888F400B6624E /* CustomStack.swift */,
				2AA1456C25799B4800F58FD1 /* CanvasView.swift */,
				2A3A9BC9254FB1EF00C41DA4 /* LaunchScreen.storyboard */,
				2A3A9BC4254FB1ED00C41DA4 /* Main.storyboard */,
			);
			path = View;
			sourceTree = "<group>";
		};
		2A3A9BD4254FB20300C41DA4 /* Controller */ = {
			isa = PBXGroup;
			children = (
				2A3A9BC2254FB1ED00C41DA4 /* ViewController.swift */,
				2AF92E8D255112AD000FE70B /* AssessViewController.swift */,
				2A749350257311D9005B907C /* FormViewController.swift */,
				2A19713B2576AD67008B4AB1 /* DrawViewController.swift */,
				2A6D94A1258C01E0007B69B9 /* DetailViewController.swift */,
			);
			path = Controller;
			sourceTree = "<group>";
		};
		2A3A9BD6254FB22200C41DA4 /* Model */ = {
			isa = PBXGroup;
			children = (
				2A839C1D2582D30200B26160 /* Assessment.swift */,
			);
			path = Model;
			sourceTree = "<group>";
		};
		2A7131F12578471A00F7CBD3 /* Sounds */ = {
			isa = PBXGroup;
			children = (
				2A7132022578475900F7CBD3 /* Pling.wav */,
			);
			path = Sounds;
			sourceTree = "<group>";
		};
/* End PBXGroup section */

/* Begin PBXNativeTarget section */
		2A3A9BBA254FB1ED00C41DA4 /* COWA */ = {
			isa = PBXNativeTarget;
			buildConfigurationList = 2A3A9BCF254FB1EF00C41DA4 /* Build configuration list for PBXNativeTarget "COWA" */;
			buildPhases = (
				2A3A9BB7254FB1ED00C41DA4 /* Sources */,
				2A3A9BB8254FB1ED00C41DA4 /* Frameworks */,
				2A3A9BB9254FB1ED00C41DA4 /* Resources */,
			);
			buildRules = (
			);
			dependencies = (
			);
			name = COWA;
			productName = Testing;
			productReference = 2A3A9BBB254FB1ED00C41DA4 /* COWA.app */;
			productType = "com.apple.product-type.application";
		};
/* End PBXNativeTarget section */

/* Begin PBXProject section */
		2A3A9BB3254FB1ED00C41DA4 /* Project object */ = {
			isa = PBXProject;
			attributes = {
				LastSwiftUpdateCheck = 1210;
				LastUpgradeCheck = 1210;
				TargetAttributes = {
					2A3A9BBA254FB1ED00C41DA4 = {
						CreatedOnToolsVersion = 12.1;
					};
				};
			};
			buildConfigurationList = 2A3A9BB6254FB1ED00C41DA4 /* Build configuration list for PBXProject "COWA" */;
			compatibilityVersion = "Xcode 9.3";
			developmentRegion = en;
			hasScannedForEncodings = 0;
			knownRegions = (
				en,
				Base,
			);
			mainGroup = 2A3A9BB2254FB1ED00C41DA4;
			productRefGroup = 2A3A9BBC254FB1ED00C41DA4 /* Products */;
			projectDirPath = "";
			projectRoot = "";
			targets = (
				2A3A9BBA254FB1ED00C41DA4 /* COWA */,
			);
		};
/* End PBXProject section */

/* Begin PBXResourcesBuildPhase section */
		2A3A9BB9254FB1ED00C41DA4 /* Resources */ = {
			isa = PBXResourcesBuildPhase;
			buildActionMask = 2147483647;
			files = (
				2A3A9BCB254FB1EF00C41DA4 /* LaunchScreen.storyboard in Resources */,
				2A3A9BC8254FB1EF00C41DA4 /* Assets.xcassets in Resources */,
				2A3A9BC6254FB1ED00C41DA4 /* Main.storyboard in Resources */,
				2A7132032578475900F7CBD3 /* Pling.wav in Resources */,
			);
			runOnlyForDeploymentPostprocessing = 0;
		};
/* End PBXResourcesBuildPhase section */

/* Begin PBXSourcesBuildPhase section */
		2A3A9BB7254FB1ED00C41DA4 /* Sources */ = {
			isa = PBXSourcesBuildPhase;
			buildActionMask = 2147483647;
			files = (
				2A6D94A2258C01E0007B69B9 /* DetailViewController.swift in Sources */,
				2A749351257311D9005B907C /* FormViewController.swift in Sources */,
				2AD4447A25787EF800B6624E /* CustomView.swift in Sources */,
				2AD4447D257881BF00B6624E /* CustomButton.swift in Sources */,
				2A3A9BC3254FB1ED00C41DA4 /* ViewController.swift in Sources */,
				2AF92E9B255125F5000FE70B /* AssessCell.swift in Sources */,
				2A3A9BBF254FB1ED00C41DA4 /* AppDelegate.swift in Sources */,
				2A839C1E2582D30200B26160 /* Assessment.swift in Sources */,
				2A19713C2576AD67008B4AB1 /* DrawViewController.swift in Sources */,
				2AF92E8E255112AD000FE70B /* AssessViewController.swift in Sources */,
				2AA1456D25799B4900F58FD1 /* CanvasView.swift in Sources */,
				2A3A9BC1254FB1ED00C41DA4 /* SceneDelegate.swift in Sources */,
				2AD44482257888F400B6624E /* CustomStack.swift in Sources */,
			);
			runOnlyForDeploymentPostprocessing = 0;
		};
/* End PBXSourcesBuildPhase section */

/* Begin PBXVariantGroup section */
		2A3A9BC4254FB1ED00C41DA4 /* Main.storyboard */ = {
			isa = PBXVariantGroup;
			children = (
				2A3A9BC5254FB1ED00C41DA4 /* Base */,
			);
			name = Main.storyboard;
			sourceTree = "<group>";
		};
		2A3A9BC9254FB1EF00C41DA4 /* LaunchScreen.storyboard */ = {
			isa = PBXVariantGroup;
			children = (
				2A3A9BCA254FB1EF00C41DA4 /* Base */,
			);
			name = LaunchScreen.storyboard;
			sourceTree = "<group>";
		};
/* End PBXVariantGroup section */

/* Begin XCBuildConfiguration section */
		2A3A9BCD254FB1EF00C41DA4 /* Debug */ = {
			isa = XCBuildConfiguration;
			buildSettings = {
				ALWAYS_SEARCH_USER_PATHS = NO;
				CLANG_ANALYZER_NONNULL = YES;
				CLANG_ANALYZER_NUMBER_OBJECT_CONVERSION = YES_AGGRESSIVE;
				CLANG_CXX_LANGUAGE_STANDARD = "gnu++14";
				CLANG_CXX_LIBRARY = "libc++";
				CLANG_ENABLE_MODULES = YES;
				CLANG_ENABLE_OBJC_ARC = YES;
				CLANG_ENABLE_OBJC_WEAK = YES;
				CLANG_WARN_BLOCK_CAPTURE_AUTORELEASING = YES;
				CLANG_WARN_BOOL_CONVERSION = YES;
				CLANG_WARN_COMMA = YES;
				CLANG_WARN_CONSTANT_CONVERSION = YES;
				CLANG_WARN_DEPRECATED_OBJC_IMPLEMENTATIONS = YES;
				CLANG_WARN_DIRECT_OBJC_ISA_USAGE = YES_ERROR;
				CLANG_WARN_DOCUMENTATION_COMMENTS = YES;
				CLANG_WARN_EMPTY_BODY = YES;
				CLANG_WARN_ENUM_CONVERSION = YES;
				CLANG_WARN_INFINITE_RECURSION = YES;
				CLANG_WARN_INT_CONVERSION = YES;
				CLANG_WARN_NON_LITERAL_NULL_CONVERSION = YES;
				CLANG_WARN_OBJC_IMPLICIT_RETAIN_SELF = YES;
				CLANG_WARN_OBJC_LITERAL_CONVERSION = YES;
				CLANG_WARN_OBJC_ROOT_CLASS = YES_ERROR;
				CLANG_WARN_QUOTED_INCLUDE_IN_FRAMEWORK_HEADER = YES;
				CLANG_WARN_RANGE_LOOP_ANALYSIS = YES;
				CLANG_WARN_STRICT_PROTOTYPES = YES;
				CLANG_WARN_SUSPICIOUS_MOVE = YES;
				CLANG_WARN_UNGUARDED_AVAILABILITY = YES_AGGRESSIVE;
				CLANG_WARN_UNREACHABLE_CODE = YES;
				CLANG_WARN__DUPLICATE_METHOD_MATCH = YES;
				COPY_PHASE_STRIP = NO;
				DEBUG_INFORMATION_FORMAT = dwarf;
				ENABLE_STRICT_OBJC_MSGSEND = YES;
				ENABLE_TESTABILITY = YES;
				GCC_C_LANGUAGE_STANDARD = gnu11;
				GCC_DYNAMIC_NO_PIC = NO;
				GCC_NO_COMMON_BLOCKS = YES;
				GCC_OPTIMIZATION_LEVEL = 0;
				GCC_PREPROCESSOR_DEFINITIONS = (
					"DEBUG=1",
					"$(inherited)",
				);
				GCC_WARN_64_TO_32_BIT_CONVERSION = YES;
				GCC_WARN_ABOUT_RETURN_TYPE = YES_ERROR;
				GCC_WARN_UNDECLARED_SELECTOR = YES;
				GCC_WARN_UNINITIALIZED_AUTOS = YES_AGGRESSIVE;
				GCC_WARN_UNUSED_FUNCTION = YES;
				GCC_WARN_UNUSED_VARIABLE = YES;
				IPHONEOS_DEPLOYMENT_TARGET = 14.1;
				MTL_ENABLE_DEBUG_INFO = INCLUDE_SOURCE;
				MTL_FAST_MATH = YES;
				ONLY_ACTIVE_ARCH = YES;
				SDKROOT = iphoneos;
				SWIFT_ACTIVE_COMPILATION_CONDITIONS = DEBUG;
				SWIFT_OPTIMIZATION_LEVEL = "-Onone";
				TARGETED_DEVICE_FAMILY = 2;
			};
			name = Debug;
		};
		2A3A9BCE254FB1EF00C41DA4 /* Release */ = {
			isa = XCBuildConfiguration;
			buildSettings = {
				ALWAYS_SEARCH_USER_PATHS = NO;
				CLANG_ANALYZER_NONNULL = YES;
				CLANG_ANALYZER_NUMBER_OBJECT_CONVERSION = YES_AGGRESSIVE;
				CLANG_CXX_LANGUAGE_STANDARD = "gnu++14";
				CLANG_CXX_LIBRARY = "libc++";
				CLANG_ENABLE_MODULES = YES;
				CLANG_ENABLE_OBJC_ARC = YES;
				CLANG_ENABLE_OBJC_WEAK = YES;
				CLANG_WARN_BLOCK_CAPTURE_AUTORELEASING = YES;
				CLANG_WARN_BOOL_CONVERSION = YES;
				CLANG_WARN_COMMA = YES;
				CLANG_WARN_CONSTANT_CONVERSION = YES;
				CLANG_WARN_DEPRECATED_OBJC_IMPLEMENTATIONS = YES;
				CLANG_WARN_DIRECT_OBJC_ISA_USAGE = YES_ERROR;
				CLANG_WARN_DOCUMENTATION_COMMENTS = YES;
				CLANG_WARN_EMPTY_BODY = YES;
				CLANG_WARN_ENUM_CONVERSION = YES;
				CLANG_WARN_INFINITE_RECURSION = YES;
				CLANG_WARN_INT_CONVERSION = YES;
				CLANG_WARN_NON_LITERAL_NULL_CONVERSION = YES;
				CLANG_WARN_OBJC_IMPLICIT_RETAIN_SELF = YES;
				CLANG_WARN_OBJC_LITERAL_CONVERSION = YES;
				CLANG_WARN_OBJC_ROOT_CLASS = YES_ERROR;
				CLANG_WARN_QUOTED_INCLUDE_IN_FRAMEWORK_HEADER = YES;
				CLANG_WARN_RANGE_LOOP_ANALYSIS = YES;
				CLANG_WARN_STRICT_PROTOTYPES = YES;
				CLANG_WARN_SUSPICIOUS_MOVE = YES;
				CLANG_WARN_UNGUARDED_AVAILABILITY = YES_AGGRESSIVE;
				CLANG_WARN_UNREACHABLE_CODE = YES;
				CLANG_WARN__DUPLICATE_METHOD_MATCH = YES;
				COPY_PHASE_STRIP = NO;
				DEBUG_INFORMATION_FORMAT = "dwarf-with-dsym";
				ENABLE_NS_ASSERTIONS = NO;
				ENABLE_STRICT_OBJC_MSGSEND = YES;
				GCC_C_LANGUAGE_STANDARD = gnu11;
				GCC_NO_COMMON_BLOCKS = YES;
				GCC_WARN_64_TO_32_BIT_CONVERSION = YES;
				GCC_WARN_ABOUT_RETURN_TYPE = YES_ERROR;
				GCC_WARN_UNDECLARED_SELECTOR = YES;
				GCC_WARN_UNINITIALIZED_AUTOS = YES_AGGRESSIVE;
				GCC_WARN_UNUSED_FUNCTION = YES;
				GCC_WARN_UNUSED_VARIABLE = YES;
				IPHONEOS_DEPLOYMENT_TARGET = 14.1;
				MTL_ENABLE_DEBUG_INFO = NO;
				MTL_FAST_MATH = YES;
				SDKROOT = iphoneos;
				SWIFT_COMPILATION_MODE = wholemodule;
				SWIFT_OPTIMIZATION_LEVEL = "-O";
				TARGETED_DEVICE_FAMILY = 2;
				VALIDATE_PRODUCT = YES;
			};
			name = Release;
		};
		2A3A9BD0254FB1EF00C41DA4 /* Debug */ = {
			isa = XCBuildConfiguration;
			buildSettings = {
				ASSETCATALOG_COMPILER_APPICON_NAME = AppIcon;
				ASSETCATALOG_COMPILER_GLOBAL_ACCENT_COLOR_NAME = AccentColor;
				CODE_SIGN_STYLE = Automatic;
				DEVELOPMENT_TEAM = KRRR2N4LM5;
				INFOPLIST_FILE = COWA/Info.plist;
				LD_RUNPATH_SEARCH_PATHS = (
					"$(inherited)",
					"@executable_path/Frameworks",
				);
				PRODUCT_BUNDLE_IDENTIFIER = com.lucasdeane.COWA;
				PRODUCT_NAME = "$(TARGET_NAME)";
				SWIFT_VERSION = 5.0;
				TARGETED_DEVICE_FAMILY = "1,2";
			};
			name = Debug;
		};
		2A3A9BD1254FB1EF00C41DA4 /* Release */ = {
			isa = XCBuildConfiguration;
			buildSettings = {
				ASSETCATALOG_COMPILER_APPICON_NAME = AppIcon;
				ASSETCATALOG_COMPILER_GLOBAL_ACCENT_COLOR_NAME = AccentColor;
				CODE_SIGN_STYLE = Automatic;
				DEVELOPMENT_TEAM = KRRR2N4LM5;
				INFOPLIST_FILE = COWA/Info.plist;
				LD_RUNPATH_SEARCH_PATHS = (
					"$(inherited)",
					"@executable_path/Frameworks",
				);
				PRODUCT_BUNDLE_IDENTIFIER = com.lucasdeane.COWA;
				PRODUCT_NAME = "$(TARGET_NAME)";
				SWIFT_VERSION = 5.0;
				TARGETED_DEVICE_FAMILY = "1,2";
			};
			name = Release;
		};
/* End XCBuildConfiguration section */

/* Begin XCConfigurationList section */
		2A3A9BB6254FB1ED00C41DA4 /* Build configuration list for PBXProject "COWA" */ = {
			isa = XCConfigurationList;
			buildConfigurations = (
				2A3A9BCD254FB1EF00C41DA4 /* Debug */,
				2A3A9BCE254FB1EF00C41DA4 /* Release */,
			);
			defaultConfigurationIsVisible = 0;
			defaultConfigurationName = Release;
		};
		2A3A9BCF254FB1EF00C41DA4 /* Build configuration list for PBXNativeTarget "COWA" */ = {
			isa = XCConfigurationList;
			buildConfigurations = (
				2A3A9BD0254FB1EF00C41DA4 /* Debug */,
				2A3A9BD1254FB1EF00C41DA4 /* Release */,
			);
			defaultConfigurationIsVisible = 0;
			defaultConfigurationName = Release;
		};
/* End XCConfigurationList section */
	};
	rootObject = 2A3A9BB3254FB1ED00C41DA4 /* Project object */;
}
